
Microsoft Visual Studio Solution File, Format Version 12.00
# Visual Studio 15
VisualStudioVersion = 15.0.26124.0
MinimumVisualStudioVersion = 15.0.26124.0
Project("{2150E333-8FDC-42A3-9474-1A3956D46DE8}") = "src", "src", "{234EB631-6BF1-4697-B999-314324258DD7}"
EndProject
Project("{FAE04EC0-301F-11D3-BF4B-00C04F79EFBC}") = "FkThat.CoreLib", "src\FkThat.CoreLib\FkThat.CoreLib.csproj", "{59B3D643-2A6E-43D8-8146-A30B2D8772C1}"
EndProject
Project("{2150E333-8FDC-42A3-9474-1A3956D46DE8}") = "test", "test", "{B1AC4431-1EDD-4CD4-BEC8-DBC281537CB2}"
EndProject
Project("{FAE04EC0-301F-11D3-BF4B-00C04F79EFBC}") = "FkThat.CoreLib.Tests", "test\FkThat.CoreLib.Tests\FkThat.CoreLib.Tests.csproj", "{9CED03F7-E288-46A6-BC45-0FE90EFF5F6D}"
EndProject
Global
	GlobalSection(SolutionConfigurationPlatforms) = preSolution
		Debug|Any CPU = Debug|Any CPU
		Debug|x64 = Debug|x64
		Debug|x86 = Debug|x86
		Release|Any CPU = Release|Any CPU
		Release|x64 = Release|x64
		Release|x86 = Release|x86
	EndGlobalSection
	GlobalSection(SolutionProperties) = preSolution
		HideSolutionNode = FALSE
	EndGlobalSection
	GlobalSection(ProjectConfigurationPlatforms) = postSolution
		{59B3D643-2A6E-43D8-8146-A30B2D8772C1}.Debug|Any CPU.ActiveCfg = Debug|Any CPU
		{59B3D643-2A6E-43D8-8146-A30B2D8772C1}.Debug|Any CPU.Build.0 = Debug|Any CPU
		{59B3D643-2A6E-43D8-8146-A30B2D8772C1}.Debug|x64.ActiveCfg = Debug|Any CPU
		{59B3D643-2A6E-43D8-8146-A30B2D8772C1}.Debug|x64.Build.0 = Debug|Any CPU
		{59B3D643-2A6E-43D8-8146-A30B2D8772C1}.Debug|x86.ActiveCfg = Debug|Any CPU
		{59B3D643-2A6E-43D8-8146-A30B2D8772C1}.Debug|x86.Build.0 = Debug|Any CPU
		{59B3D643-2A6E-43D8-8146-A30B2D8772C1}.Release|Any CPU.ActiveCfg = Release|Any CPU
		{59B3D643-2A6E-43D8-8146-A30B2D8772C1}.Release|Any CPU.Build.0 = Release|Any CPU
		{59B3D643-2A6E-43D8-8146-A30B2D8772C1}.Release|x64.ActiveCfg = Release|Any CPU
		{59B3D643-2A6E-43D8-8146-A30B2D8772C1}.Release|x64.Build.0 = Release|Any CPU
		{59B3D643-2A6E-43D8-8146-A30B2D8772C1}.Release|x86.ActiveCfg = Release|Any CPU
		{59B3D643-2A6E-43D8-8146-A30B2D8772C1}.Release|x86.Build.0 = Release|Any CPU
		{9CED03F7-E288-46A6-BC45-0FE90EFF5F6D}.Debug|Any CPU.ActiveCfg = Debug|Any CPU
		{9CED03F7-E288-46A6-BC45-0FE90EFF5F6D}.Debug|Any CPU.Build.0 = Debug|Any CPU
		{9CED03F7-E288-46A6-BC45-0FE90EFF5F6D}.Debug|x64.ActiveCfg = Debug|Any CPU
		{9CED03F7-E288-46A6-BC45-0FE90EFF5F6D}.Debug|x64.Build.0 = Debug|Any CPU
		{9CED03F7-E288-46A6-BC45-0FE90EFF5F6D}.Debug|x86.ActiveCfg = Debug|Any CPU
		{9CED03F7-E288-46A6-BC45-0FE90EFF5F6D}.Debug|x86.Build.0 = Debug|Any CPU
		{9CED03F7-E288-46A6-BC45-0FE90EFF5F6D}.Release|Any CPU.ActiveCfg = Release|Any CPU
		{9CED03F7-E288-46A6-BC45-0FE90EFF5F6D}.Release|Any CPU.Build.0 = Release|Any CPU
		{9CED03F7-E288-46A6-BC45-0FE90EFF5F6D}.Release|x64.ActiveCfg = Release|Any CPU
		{9CED03F7-E288-46A6-BC45-0FE90EFF5F6D}.Release|x64.Build.0 = Release|Any CPU
		{9CED03F7-E288-46A6-BC45-0FE90EFF5F6D}.Release|x86.ActiveCfg = Release|Any CPU
		{9CED03F7-E288-46A6-BC45-0FE90EFF5F6D}.Release|x86.Build.0 = Release|Any CPU
	EndGlobalSection
	GlobalSection(NestedProjects) = preSolution
		{59B3D643-2A6E-43D8-8146-A30B2D8772C1} = {234EB631-6BF1-4697-B999-314324258DD7}
		{9CED03F7-E288-46A6-BC45-0FE90EFF5F6D} = {B1AC4431-1EDD-4CD4-BEC8-DBC281537CB2}
	EndGlobalSection
EndGlobal
